// !$*UTF8*$!
{
	archiveVersion = 1;
	classes = {
	};
	objectVersion = 50;
	objects = {

/* Begin PBXBuildFile section */
		9F8C262225290BC2004D95C9 /* OptionModel.swift in Sources */ = {isa = PBXBuildFile; fileRef = 9F8C262125290BC2004D95C9 /* OptionModel.swift */; };
		9F8C262525290BDA004D95C9 /* OptionCell.swift in Sources */ = {isa = PBXBuildFile; fileRef = 9F8C262425290BDA004D95C9 /* OptionCell.swift */; };
		9F8C262925290D9C004D95C9 /* CustomTopGroupsView.swift in Sources */ = {isa = PBXBuildFile; fileRef = 9F8C262825290D9C004D95C9 /* CustomTopGroupsView.swift */; };
		9F8C262C25290FFA004D95C9 /* NearbyCell.swift in Sources */ = {isa = PBXBuildFile; fileRef = 9F8C262B25290FFA004D95C9 /* NearbyCell.swift */; };
		9F8C262F25291040004D95C9 /* GroupModel.swift in Sources */ = {isa = PBXBuildFile; fileRef = 9F8C262E25291040004D95C9 /* GroupModel.swift */; };
		9F8F752F25239AA3007804ED /* PostModel.swift in Sources */ = {isa = PBXBuildFile; fileRef = 9F8F752E25239AA3007804ED /* PostModel.swift */; };
		9F8F753425239B1B007804ED /* BaseCollectionCell.swift in Sources */ = {isa = PBXBuildFile; fileRef = 9F8F753325239B1B007804ED /* BaseCollectionCell.swift */; };
		9F8F753825239B36007804ED /* PostCell.swift in Sources */ = {isa = PBXBuildFile; fileRef = 9F8F753725239B36007804ED /* PostCell.swift */; };
		9FD6F19525238D1F003C5551 /* AppDelegate.swift in Sources */ = {isa = PBXBuildFile; fileRef = 9FD6F19425238D1F003C5551 /* AppDelegate.swift */; };
		9FD6F19725238D1F003C5551 /* SceneDelegate.swift in Sources */ = {isa = PBXBuildFile; fileRef = 9FD6F19625238D1F003C5551 /* SceneDelegate.swift */; };
		9FD6F19925238D1F003C5551 /* GroupsOptionsCollectionVC.swift in Sources */ = {isa = PBXBuildFile; fileRef = 9FD6F19825238D1F003C5551 /* GroupsOptionsCollectionVC.swift */; };
		9FD6F19C25238D1F003C5551 /* Main.storyboard in Resources */ = {isa = PBXBuildFile; fileRef = 9FD6F19A25238D1F003C5551 /* Main.storyboard */; };
		9FD6F19E25238D21003C5551 /* Assets.xcassets in Resources */ = {isa = PBXBuildFile; fileRef = 9FD6F19D25238D21003C5551 /* Assets.xcassets */; };
		9FD6F1A125238D21003C5551 /* LaunchScreen.storyboard in Resources */ = {isa = PBXBuildFile; fileRef = 9FD6F19F25238D21003C5551 /* LaunchScreen.storyboard */; };
		9FD6F1B325238D58003C5551 /* ExtensionUivew.swift in Sources */ = {isa = PBXBuildFile; fileRef = 9FD6F1AD25238D58003C5551 /* ExtensionUivew.swift */; };
		9FD6F1B425238D58003C5551 /* UIImageView.swift in Sources */ = {isa = PBXBuildFile; fileRef = 9FD6F1AE25238D58003C5551 /* UIImageView.swift */; };
		9FD6F1B525238D58003C5551 /* UILabel.swift in Sources */ = {isa = PBXBuildFile; fileRef = 9FD6F1AF25238D58003C5551 /* UILabel.swift */; };
		9FD6F1B625238D58003C5551 /* UIButton.swift in Sources */ = {isa = PBXBuildFile; fileRef = 9FD6F1B025238D58003C5551 /* UIButton.swift */; };
		9FD6F1B725238D58003C5551 /* UIColor.swift in Sources */ = {isa = PBXBuildFile; fileRef = 9FD6F1B125238D58003C5551 /* UIColor.swift */; };
		9FD6F1B825238D58003C5551 /* UIImage.swift in Sources */ = {isa = PBXBuildFile; fileRef = 9FD6F1B225238D58003C5551 /* UIImage.swift */; };
		9FD6F1C025238E95003C5551 /* CustomTabBarController.swift in Sources */ = {isa = PBXBuildFile; fileRef = 9FD6F1BF25238E95003C5551 /* CustomTabBarController.swift */; };
		9FD6F1C325238ED5003C5551 /* BaseCollectionVC.swift in Sources */ = {isa = PBXBuildFile; fileRef = 9FD6F1C225238ED5003C5551 /* BaseCollectionVC.swift */; };
		9FD6F1C625238F2F003C5551 /* GroupsListCollectionVC.swift in Sources */ = {isa = PBXBuildFile; fileRef = 9FD6F1C525238F2F003C5551 /* GroupsListCollectionVC.swift */; };
		9FD6F1C925238FE3003C5551 /* NearbyHeaderCell.swift in Sources */ = {isa = PBXBuildFile; fileRef = 9FD6F1C825238FE3003C5551 /* NearbyHeaderCell.swift */; };
		9FD6F1CE2523905B003C5551 /* NearbyGroupsCollectionVC.swift in Sources */ = {isa = PBXBuildFile; fileRef = 9FD6F1CD2523905B003C5551 /* NearbyGroupsCollectionVC.swift */; };
/* End PBXBuildFile section */

/* Begin PBXFileReference section */
		9F8C262125290BC2004D95C9 /* OptionModel.swift */ = {isa = PBXFileReference; lastKnownFileType = sourcecode.swift; path = OptionModel.swift; sourceTree = "<group>"; };
		9F8C262425290BDA004D95C9 /* OptionCell.swift */ = {isa = PBXFileReference; lastKnownFileType = sourcecode.swift; path = OptionCell.swift; sourceTree = "<group>"; };
		9F8C262825290D9C004D95C9 /* CustomTopGroupsView.swift */ = {isa = PBXFileReference; lastKnownFileType = sourcecode.swift; path = CustomTopGroupsView.swift; sourceTree = "<group>"; };
		9F8C262B25290FFA004D95C9 /* NearbyCell.swift */ = {isa = PBXFileReference; lastKnownFileType = sourcecode.swift; path = NearbyCell.swift; sourceTree = "<group>"; };
		9F8C262E25291040004D95C9 /* GroupModel.swift */ = {isa = PBXFileReference; lastKnownFileType = sourcecode.swift; path = GroupModel.swift; sourceTree = "<group>"; };
		9F8F752E25239AA3007804ED /* PostModel.swift */ = {isa = PBXFileReference; lastKnownFileType = sourcecode.swift; path = PostModel.swift; sourceTree = "<group>"; };
		9F8F753325239B1B007804ED /* BaseCollectionCell.swift */ = {isa = PBXFileReference; lastKnownFileType = sourcecode.swift; path = BaseCollectionCell.swift; sourceTree = "<group>"; };
		9F8F753725239B36007804ED /* PostCell.swift */ = {isa = PBXFileReference; lastKnownFileType = sourcecode.swift; path = PostCell.swift; sourceTree = "<group>"; };
		9FD6F19125238D1F003C5551 /* Facebook Redisgn.app */ = {isa = PBXFileReference; explicitFileType = wrapper.application; includeInIndex = 0; path = "Facebook Redisgn.app"; sourceTree = BUILT_PRODUCTS_DIR; };
		9FD6F19425238D1F003C5551 /* AppDelegate.swift */ = {isa = PBXFileReference; lastKnownFileType = sourcecode.swift; path = AppDelegate.swift; sourceTree = "<group>"; };
		9FD6F19625238D1F003C5551 /* SceneDelegate.swift */ = {isa = PBXFileReference; lastKnownFileType = sourcecode.swift; path = SceneDelegate.swift; sourceTree = "<group>"; };
		9FD6F19825238D1F003C5551 /* GroupsOptionsCollectionVC.swift */ = {isa = PBXFileReference; lastKnownFileType = sourcecode.swift; path = GroupsOptionsCollectionVC.swift; sourceTree = "<group>"; };
		9FD6F19B25238D1F003C5551 /* Base */ = {isa = PBXFileReference; lastKnownFileType = file.storyboard; name = Base; path = Base.lproj/Main.storyboard; sourceTree = "<group>"; };
		9FD6F19D25238D21003C5551 /* Assets.xcassets */ = {isa = PBXFileReference; lastKnownFileType = folder.assetcatalog; path = Assets.xcassets; sourceTree = "<group>"; };
		9FD6F1A025238D21003C5551 /* Base */ = {isa = PBXFileReference; lastKnownFileType = file.storyboard; name = Base; path = Base.lproj/LaunchScreen.storyboard; sourceTree = "<group>"; };
		9FD6F1A225238D21003C5551 /* Info.plist */ = {isa = PBXFileReference; lastKnownFileType = text.plist.xml; path = Info.plist; sourceTree = "<group>"; };
		9FD6F1AD25238D58003C5551 /* ExtensionUivew.swift */ = {isa = PBXFileReference; fileEncoding = 4; lastKnownFileType = sourcecode.swift; path = ExtensionUivew.swift; sourceTree = "<group>"; };
		9FD6F1AE25238D58003C5551 /* UIImageView.swift */ = {isa = PBXFileReference; fileEncoding = 4; lastKnownFileType = sourcecode.swift; path = UIImageView.swift; sourceTree = "<group>"; };
		9FD6F1AF25238D58003C5551 /* UILabel.swift */ = {isa = PBXFileReference; fileEncoding = 4; lastKnownFileType = sourcecode.swift; path = UILabel.swift; sourceTree = "<group>"; };
		9FD6F1B025238D58003C5551 /* UIButton.swift */ = {isa = PBXFileReference; fileEncoding = 4; lastKnownFileType = sourcecode.swift; path = UIButton.swift; sourceTree = "<group>"; };
		9FD6F1B125238D58003C5551 /* UIColor.swift */ = {isa = PBXFileReference; fileEncoding = 4; lastKnownFileType = sourcecode.swift; path = UIColor.swift; sourceTree = "<group>"; };
		9FD6F1B225238D58003C5551 /* UIImage.swift */ = {isa = PBXFileReference; fileEncoding = 4; lastKnownFileType = sourcecode.swift; path = UIImage.swift; sourceTree = "<group>"; };
		9FD6F1BF25238E95003C5551 /* CustomTabBarController.swift */ = {isa = PBXFileReference; lastKnownFileType = sourcecode.swift; path = CustomTabBarController.swift; sourceTree = "<group>"; };
		9FD6F1C225238ED5003C5551 /* BaseCollectionVC.swift */ = {isa = PBXFileReference; lastKnownFileType = sourcecode.swift; path = BaseCollectionVC.swift; sourceTree = "<group>"; };
		9FD6F1C525238F2F003C5551 /* GroupsListCollectionVC.swift */ = {isa = PBXFileReference; lastKnownFileType = sourcecode.swift; path = GroupsListCollectionVC.swift; sourceTree = "<group>"; };
		9FD6F1C825238FE3003C5551 /* NearbyHeaderCell.swift */ = {isa = PBXFileReference; lastKnownFileType = sourcecode.swift; path = NearbyHeaderCell.swift; sourceTree = "<group>"; };
		9FD6F1CD2523905B003C5551 /* NearbyGroupsCollectionVC.swift */ = {isa = PBXFileReference; lastKnownFileType = sourcecode.swift; path = NearbyGroupsCollectionVC.swift; sourceTree = "<group>"; };
/* End PBXFileReference section */

/* Begin PBXFrameworksBuildPhase section */
		9FD6F18E25238D1F003C5551 /* Frameworks */ = {
			isa = PBXFrameworksBuildPhase;
			buildActionMask = 2147483647;
			files = (
			);
			runOnlyForDeploymentPostprocessing = 0;
		};
/* End PBXFrameworksBuildPhase section */

/* Begin PBXGroup section */
		9F8F753225239B0A007804ED /* cell */ = {
			isa = PBXGroup;
			children = (
				9F8F753325239B1B007804ED /* BaseCollectionCell.swift */,
				9F8F753725239B36007804ED /* PostCell.swift */,
				9F8C262425290BDA004D95C9 /* OptionCell.swift */,
				9F8C262B25290FFA004D95C9 /* NearbyCell.swift */,
			);
			path = cell;
			sourceTree = "<group>";
		};
		9F8F753A25239B69007804ED /* customView */ = {
			isa = PBXGroup;
			children = (
				9F8C262825290D9C004D95C9 /* CustomTopGroupsView.swift */,
			);
			path = customView;
			sourceTree = "<group>";
		};
		9FD6F18825238D1F003C5551 = {
			isa = PBXGroup;
			children = (
				9FD6F19325238D1F003C5551 /* Facebook Redisgn */,
				9FD6F19225238D1F003C5551 /* Products */,
			);
			sourceTree = "<group>";
		};
		9FD6F19225238D1F003C5551 /* Products */ = {
			isa = PBXGroup;
			children = (
				9FD6F19125238D1F003C5551 /* Facebook Redisgn.app */,
			);
			name = Products;
			sourceTree = "<group>";
		};
		9FD6F19325238D1F003C5551 /* Facebook Redisgn */ = {
			isa = PBXGroup;
			children = (
				9FD6F19425238D1F003C5551 /* AppDelegate.swift */,
				9FD6F19625238D1F003C5551 /* SceneDelegate.swift */,
				9FD6F1AC25238D3B003C5551 /* helpers */,
				9FD6F1AB25238D36003C5551 /* view */,
				9FD6F1AA25238D30003C5551 /* model */,
				9FD6F1A925238D29003C5551 /* controller */,
				9FD6F19A25238D1F003C5551 /* Main.storyboard */,
				9FD6F19D25238D21003C5551 /* Assets.xcassets */,
				9FD6F19F25238D21003C5551 /* LaunchScreen.storyboard */,
				9FD6F1A225238D21003C5551 /* Info.plist */,
			);
			path = "Facebook Redisgn";
			sourceTree = "<group>";
		};
		9FD6F1A925238D29003C5551 /* controller */ = {
			isa = PBXGroup;
			children = (
				9FD6F1C225238ED5003C5551 /* BaseCollectionVC.swift */,
				9FD6F1CB25239052003C5551 /* grouped */,
				9FD6F19825238D1F003C5551 /* GroupsOptionsCollectionVC.swift */,
				9FD6F1BF25238E95003C5551 /* CustomTabBarController.swift */,
			);
			path = controller;
			sourceTree = "<group>";
		};
		9FD6F1AA25238D30003C5551 /* model */ = {
			isa = PBXGroup;
			children = (
				9F8F752E25239AA3007804ED /* PostModel.swift */,
				9F8C262125290BC2004D95C9 /* OptionModel.swift */,
				9F8C262E25291040004D95C9 /* GroupModel.swift */,
			);
			path = model;
			sourceTree = "<group>";
		};
		9FD6F1AB25238D36003C5551 /* view */ = {
			isa = PBXGroup;
			children = (
				9F8F753A25239B69007804ED /* customView */,
				9F8F753225239B0A007804ED /* cell */,
				9FD6F1C825238FE3003C5551 /* NearbyHeaderCell.swift */,
			);
			path = view;
			sourceTree = "<group>";
		};
		9FD6F1AC25238D3B003C5551 /* helpers */ = {
			isa = PBXGroup;
			children = (
				9FD6F1AD25238D58003C5551 /* ExtensionUivew.swift */,
				9FD6F1B025238D58003C5551 /* UIButton.swift */,
				9FD6F1B125238D58003C5551 /* UIColor.swift */,
				9FD6F1B225238D58003C5551 /* UIImage.swift */,
				9FD6F1AE25238D58003C5551 /* UIImageView.swift */,
				9FD6F1AF25238D58003C5551 /* UILabel.swift */,
			);
			path = helpers;
			sourceTree = "<group>";
		};
		9FD6F1CB25239052003C5551 /* grouped */ = {
			isa = PBXGroup;
			children = (
				9FD6F1C525238F2F003C5551 /* GroupsListCollectionVC.swift */,
				9FD6F1CD2523905B003C5551 /* NearbyGroupsCollectionVC.swift */,
			);
			path = grouped;
			sourceTree = "<group>";
		};
/* End PBXGroup section */

/* Begin PBXNativeTarget section */
		9FD6F19025238D1F003C5551 /* Facebook Redisgn */ = {
			isa = PBXNativeTarget;
			buildConfigurationList = 9FD6F1A525238D21003C5551 /* Build configuration list for PBXNativeTarget "Facebook Redisgn" */;
			buildPhases = (
				9FD6F18D25238D1F003C5551 /* Sources */,
				9FD6F18E25238D1F003C5551 /* Frameworks */,
				9FD6F18F25238D1F003C5551 /* Resources */,
			);
			buildRules = (
			);
			dependencies = (
			);
			name = "Facebook Redisgn";
			productName = "Facebook Redisgn";
			productReference = 9FD6F19125238D1F003C5551 /* Facebook Redisgn.app */;
			productType = "com.apple.product-type.application";
		};
/* End PBXNativeTarget section */

/* Begin PBXProject section */
		9FD6F18925238D1F003C5551 /* Project object */ = {
			isa = PBXProject;
			attributes = {
				LastSwiftUpdateCheck = 1200;
				LastUpgradeCheck = 1200;
				TargetAttributes = {
					9FD6F19025238D1F003C5551 = {
						CreatedOnToolsVersion = 12.0;
					};
				};
			};
			buildConfigurationList = 9FD6F18C25238D1F003C5551 /* Build configuration list for PBXProject "Facebook Redisgn" */;
			compatibilityVersion = "Xcode 9.3";
			developmentRegion = en;
			hasScannedForEncodings = 0;
			knownRegions = (
				en,
				Base,
			);
			mainGroup = 9FD6F18825238D1F003C5551;
			productRefGroup = 9FD6F19225238D1F003C5551 /* Products */;
			projectDirPath = "";
			projectRoot = "";
			targets = (
				9FD6F19025238D1F003C5551 /* Facebook Redisgn */,
			);
		};
/* End PBXProject section */

/* Begin PBXResourcesBuildPhase section */
		9FD6F18F25238D1F003C5551 /* Resources */ = {
			isa = PBXResourcesBuildPhase;
			buildActionMask = 2147483647;
			files = (
				9FD6F1A125238D21003C5551 /* LaunchScreen.storyboard in Resources */,
				9FD6F19E25238D21003C5551 /* Assets.xcassets in Resources */,
				9FD6F19C25238D1F003C5551 /* Main.storyboard in Resources */,
			);
			runOnlyForDeploymentPostprocessing = 0;
		};
/* End PBXResourcesBuildPhase section */

/* Begin PBXSourcesBuildPhase section */
		9FD6F18D25238D1F003C5551 /* Sources */ = {
			isa = PBXSourcesBuildPhase;
			buildActionMask = 2147483647;
			files = (
				9F8F753825239B36007804ED /* PostCell.swift in Sources */,
				9FD6F1B325238D58003C5551 /* ExtensionUivew.swift in Sources */,
				9F8C262225290BC2004D95C9 /* OptionModel.swift in Sources */,
				9FD6F1B425238D58003C5551 /* UIImageView.swift in Sources */,
				9FD6F1C325238ED5003C5551 /* BaseCollectionVC.swift in Sources */,
				9F8C262925290D9C004D95C9 /* CustomTopGroupsView.swift in Sources */,
				9FD6F1C025238E95003C5551 /* CustomTabBarController.swift in Sources */,
				9FD6F1C625238F2F003C5551 /* GroupsListCollectionVC.swift in Sources */,
				9FD6F19925238D1F003C5551 /* GroupsOptionsCollectionVC.swift in Sources */,
				9FD6F19525238D1F003C5551 /* AppDelegate.swift in Sources */,
				9FD6F1CE2523905B003C5551 /* NearbyGroupsCollectionVC.swift in Sources */,
				9F8C262F25291040004D95C9 /* GroupModel.swift in Sources */,
				9FD6F1B625238D58003C5551 /* UIButton.swift in Sources */,
				9F8F752F25239AA3007804ED /* PostModel.swift in Sources */,
				9F8F753425239B1B007804ED /* BaseCollectionCell.swift in Sources */,
				9FD6F1B725238D58003C5551 /* UIColor.swift in Sources */,
				9FD6F1C925238FE3003C5551 /* NearbyHeaderCell.swift in Sources */,
				9FD6F1B825238D58003C5551 /* UIImage.swift in Sources */,
				9F8C262525290BDA004D95C9 /* OptionCell.swift in Sources */,
				9FD6F1B525238D58003C5551 /* UILabel.swift in Sources */,
				9F8C262C25290FFA004D95C9 /* NearbyCell.swift in Sources */,
				9FD6F19725238D1F003C5551 /* SceneDelegate.swift in Sources */,
			);
			runOnlyForDeploymentPostprocessing = 0;
		};
/* End PBXSourcesBuildPhase section */

/* Begin PBXVariantGroup section */
		9FD6F19A25238D1F003C5551 /* Main.storyboard */ = {
			isa = PBXVariantGroup;
			children = (
				9FD6F19B25238D1F003C5551 /* Base */,
			);
			name = Main.storyboard;
			sourceTree = "<group>";
		};
		9FD6F19F25238D21003C5551 /* LaunchScreen.storyboard */ = {
			isa = PBXVariantGroup;
			children = (
				9FD6F1A025238D21003C5551 /* Base */,
			);
			name = LaunchScreen.storyboard;
			sourceTree = "<group>";
		};
/* End PBXVariantGroup section */

/* Begin XCBuildConfiguration section */
		9FD6F1A325238D21003C5551 /* Debug */ = {
			isa = XCBuildConfiguration;
			buildSettings = {
				ALWAYS_SEARCH_USER_PATHS = NO;
				CLANG_ANALYZER_NONNULL = YES;
				CLANG_ANALYZER_NUMBER_OBJECT_CONVERSION = YES_AGGRESSIVE;
				CLANG_CXX_LANGUAGE_STANDARD = "gnu++14";
				CLANG_CXX_LIBRARY = "libc++";
				CLANG_ENABLE_MODULES = YES;
				CLANG_ENABLE_OBJC_ARC = YES;
				CLANG_ENABLE_OBJC_WEAK = YES;
				CLANG_WARN_BLOCK_CAPTURE_AUTORELEASING = YES;
				CLANG_WARN_BOOL_CONVERSION = YES;
				CLANG_WARN_COMMA = YES;
				CLANG_WARN_CONSTANT_CONVERSION = YES;
				CLANG_WARN_DEPRECATED_OBJC_IMPLEMENTATIONS = YES;
				CLANG_WARN_DIRECT_OBJC_ISA_USAGE = YES_ERROR;
				CLANG_WARN_DOCUMENTATION_COMMENTS = YES;
				CLANG_WARN_EMPTY_BODY = YES;
				CLANG_WARN_ENUM_CONVERSION = YES;
				CLANG_WARN_INFINITE_RECURSION = YES;
				CLANG_WARN_INT_CONVERSION = YES;
				CLANG_WARN_NON_LITERAL_NULL_CONVERSION = YES;
				CLANG_WARN_OBJC_IMPLICIT_RETAIN_SELF = YES;
				CLANG_WARN_OBJC_LITERAL_CONVERSION = YES;
				CLANG_WARN_OBJC_ROOT_CLASS = YES_ERROR;
				CLANG_WARN_QUOTED_INCLUDE_IN_FRAMEWORK_HEADER = YES;
				CLANG_WARN_RANGE_LOOP_ANALYSIS = YES;
				CLANG_WARN_STRICT_PROTOTYPES = YES;
				CLANG_WARN_SUSPICIOUS_MOVE = YES;
				CLANG_WARN_UNGUARDED_AVAILABILITY = YES_AGGRESSIVE;
				CLANG_WARN_UNREACHABLE_CODE = YES;
				CLANG_WARN__DUPLICATE_METHOD_MATCH = YES;
				COPY_PHASE_STRIP = NO;
				DEBUG_INFORMATION_FORMAT = dwarf;
				ENABLE_STRICT_OBJC_MSGSEND = YES;
				ENABLE_TESTABILITY = YES;
				GCC_C_LANGUAGE_STANDARD = gnu11;
				GCC_DYNAMIC_NO_PIC = NO;
				GCC_NO_COMMON_BLOCKS = YES;
				GCC_OPTIMIZATION_LEVEL = 0;
				GCC_PREPROCESSOR_DEFINITIONS = (
					"DEBUG=1",
					"$(inherited)",
				);
				GCC_WARN_64_TO_32_BIT_CONVERSION = YES;
				GCC_WARN_ABOUT_RETURN_TYPE = YES_ERROR;
				GCC_WARN_UNDECLARED_SELECTOR = YES;
				GCC_WARN_UNINITIALIZED_AUTOS = YES_AGGRESSIVE;
				GCC_WARN_UNUSED_FUNCTION = YES;
				GCC_WARN_UNUSED_VARIABLE = YES;
				IPHONEOS_DEPLOYMENT_TARGET = 14.0;
				MTL_ENABLE_DEBUG_INFO = INCLUDE_SOURCE;
				MTL_FAST_MATH = YES;
				ONLY_ACTIVE_ARCH = YES;
				SDKROOT = iphoneos;
				SWIFT_ACTIVE_COMPILATION_CONDITIONS = DEBUG;
				SWIFT_OPTIMIZATION_LEVEL = "-Onone";
			};
			name = Debug;
		};
		9FD6F1A425238D21003C5551 /* Release */ = {
			isa = XCBuildConfiguration;
			buildSettings = {
				ALWAYS_SEARCH_USER_PATHS = NO;
				CLANG_ANALYZER_NONNULL = YES;
				CLANG_ANALYZER_NUMBER_OBJECT_CONVERSION = YES_AGGRESSIVE;
				CLANG_CXX_LANGUAGE_STANDARD = "gnu++14";
				CLANG_CXX_LIBRARY = "libc++";
				CLANG_ENABLE_MODULES = YES;
				CLANG_ENABLE_OBJC_ARC = YES;
				CLANG_ENABLE_OBJC_WEAK = YES;
				CLANG_WARN_BLOCK_CAPTURE_AUTORELEASING = YES;
				CLANG_WARN_BOOL_CONVERSION = YES;
				CLANG_WARN_COMMA = YES;
				CLANG_WARN_CONSTANT_CONVERSION = YES;
				CLANG_WARN_DEPRECATED_OBJC_IMPLEMENTATIONS = YES;
				CLANG_WARN_DIRECT_OBJC_ISA_USAGE = YES_ERROR;
				CLANG_WARN_DOCUMENTATION_COMMENTS = YES;
				CLANG_WARN_EMPTY_BODY = YES;
				CLANG_WARN_ENUM_CONVERSION = YES;
				CLANG_WARN_INFINITE_RECURSION = YES;
				CLANG_WARN_INT_CONVERSION = YES;
				CLANG_WARN_NON_LITERAL_NULL_CONVERSION = YES;
				CLANG_WARN_OBJC_IMPLICIT_RETAIN_SELF = YES;
				CLANG_WARN_OBJC_LITERAL_CONVERSION = YES;
				CLANG_WARN_OBJC_ROOT_CLASS = YES_ERROR;
				CLANG_WARN_QUOTED_INCLUDE_IN_FRAMEWORK_HEADER = YES;
				CLANG_WARN_RANGE_LOOP_ANALYSIS = YES;
				CLANG_WARN_STRICT_PROTOTYPES = YES;
				CLANG_WARN_SUSPICIOUS_MOVE = YES;
				CLANG_WARN_UNGUARDED_AVAILABILITY = YES_AGGRESSIVE;
				CLANG_WARN_UNREACHABLE_CODE = YES;
				CLANG_WARN__DUPLICATE_METHOD_MATCH = YES;
				COPY_PHASE_STRIP = NO;
				DEBUG_INFORMATION_FORMAT = "dwarf-with-dsym";
				ENABLE_NS_ASSERTIONS = NO;
				ENABLE_STRICT_OBJC_MSGSEND = YES;
				GCC_C_LANGUAGE_STANDARD = gnu11;
				GCC_NO_COMMON_BLOCKS = YES;
				GCC_WARN_64_TO_32_BIT_CONVERSION = YES;
				GCC_WARN_ABOUT_RETURN_TYPE = YES_ERROR;
				GCC_WARN_UNDECLARED_SELECTOR = YES;
				GCC_WARN_UNINITIALIZED_AUTOS = YES_AGGRESSIVE;
				GCC_WARN_UNUSED_FUNCTION = YES;
				GCC_WARN_UNUSED_VARIABLE = YES;
				IPHONEOS_DEPLOYMENT_TARGET = 14.0;
				MTL_ENABLE_DEBUG_INFO = NO;
				MTL_FAST_MATH = YES;
				SDKROOT = iphoneos;
				SWIFT_COMPILATION_MODE = wholemodule;
				SWIFT_OPTIMIZATION_LEVEL = "-O";
				VALIDATE_PRODUCT = YES;
			};
			name = Release;
		};
		9FD6F1A625238D21003C5551 /* Debug */ = {
			isa = XCBuildConfiguration;
			buildSettings = {
				ASSETCATALOG_COMPILER_APPICON_NAME = AppIcon;
				ASSETCATALOG_COMPILER_GLOBAL_ACCENT_COLOR_NAME = AccentColor;
				CODE_SIGN_STYLE = Automatic;
				DEVELOPMENT_TEAM = 5RTZJMVRS2;
				INFOPLIST_FILE = "Facebook Redisgn/Info.plist";
				LD_RUNPATH_SEARCH_PATHS = (
					"$(inherited)",
					"@executable_path/Frameworks",
				);
				PRODUCT_BUNDLE_IDENTIFIER = "com.hosam.net.Facebook-Redisgn";
				PRODUCT_NAME = "$(TARGET_NAME)";
				SWIFT_VERSION = 5.0;
				TARGETED_DEVICE_FAMILY = "1,2";
			};
			name = Debug;
		};
		9FD6F1A725238D21003C5551 /* Release */ = {
			isa = XCBuildConfiguration;
			buildSettings = {
				ASSETCATALOG_COMPILER_APPICON_NAME = AppIcon;
				ASSETCATALOG_COMPILER_GLOBAL_ACCENT_COLOR_NAME = AccentColor;
				CODE_SIGN_STYLE = Automatic;
				DEVELOPMENT_TEAM = 5RTZJMVRS2;
				INFOPLIST_FILE = "Facebook Redisgn/Info.plist";
				LD_RUNPATH_SEARCH_PATHS = (
					"$(inherited)",
					"@executable_path/Frameworks",
				);
				PRODUCT_BUNDLE_IDENTIFIER = "com.hosam.net.Facebook-Redisgn";
				PRODUCT_NAME = "$(TARGET_NAME)";
				SWIFT_VERSION = 5.0;
				TARGETED_DEVICE_FAMILY = "1,2";
			};
			name = Release;
		};
/* End XCBuildConfiguration section */

/* Begin XCConfigurationList section */
		9FD6F18C25238D1F003C5551 /* Build configuration list for PBXProject "Facebook Redisgn" */ = {
			isa = XCConfigurationList;
			buildConfigurations = (
				9FD6F1A325238D21003C5551 /* Debug */,
				9FD6F1A425238D21003C5551 /* Release */,
			);
			defaultConfigurationIsVisible = 0;
			defaultConfigurationName = Release;
		};
		9FD6F1A525238D21003C5551 /* Build configuration list for PBXNativeTarget "Facebook Redisgn" */ = {
			isa = XCConfigurationList;
			buildConfigurations = (
				9FD6F1A625238D21003C5551 /* Debug */,
				9FD6F1A725238D21003C5551 /* Release */,
			);
			defaultConfigurationIsVisible = 0;
			defaultConfigurationName = Release;
		};
/* End XCConfigurationList section */
	};
	rootObject = 9FD6F18925238D1F003C5551 /* Project object */;
}
